// !$*UTF8*$!
{
	archiveVersion = 1;
	classes = {
	};
	objectVersion = 50;
	objects = {

/* Begin PBXBuildFile section */
		5B9B42E824990CAF00119B10 /* Assets.xcassets in Resources */ = {isa = PBXBuildFile; fileRef = 5B9B42E724990CAF00119B10 /* Assets.xcassets */; };
		5B9B42EB24990CAF00119B10 /* LaunchScreen.storyboard in Resources */ = {isa = PBXBuildFile; fileRef = 5B9B42E924990CAF00119B10 /* LaunchScreen.storyboard */; };
		5B9B42F824990CB000119B10 /* FerretExampleTests.m in Sources */ = {isa = PBXBuildFile; fileRef = 5B9B42F724990CB000119B10 /* FerretExampleTests.m */; };
		5B9B4330249910CF00119B10 /* core.clj in Sources */ = {isa = PBXBuildFile; fileRef = 5B9B432F249910CF00119B10 /* core.clj */; };
		5B9B4337249944C400119B10 /* UIKit.framework in Frameworks */ = {isa = PBXBuildFile; fileRef = 5B9B4336249944C400119B10 /* UIKit.framework */; };
/* End PBXBuildFile section */

/* Begin PBXBuildRule section */
		5B9B432E2499107D00119B10 /* PBXBuildRule */ = {
			isa = PBXBuildRule;
			compilerSpec = com.apple.compilers.proxy.script;
			filePatterns = "*.clj";
			fileType = pattern.proxy;
			inputFiles = (
			);
			isEditable = 1;
			outputFiles = (
				"$(DERIVED_FILE_DIR)/$(INPUT_FILE_BASE).mm",
			);
			script = "ferret/bin/ferret -i \"$INPUT_FILE_PATH\" -o \"$SCRIPT_OUTPUT_FILE_0\"\n";
		};
/* End PBXBuildRule section */

/* Begin PBXContainerItemProxy section */
		5B9B42F424990CB000119B10 /* PBXContainerItemProxy */ = {
			isa = PBXContainerItemProxy;
			containerPortal = 5B9B42D024990CAB00119B10 /* Project object */;
			proxyType = 1;
			remoteGlobalIDString = 5B9B42D724990CAB00119B10;
			remoteInfo = FerretExample;
		};
		5B9B432A24990F3B00119B10 /* PBXContainerItemProxy */ = {
			isa = PBXContainerItemProxy;
			containerPortal = 5B9B42D024990CAB00119B10 /* Project object */;
			proxyType = 1;
			remoteGlobalIDString = 5B9B432524990E4100119B10;
			remoteInfo = ferret;
		};
/* End PBXContainerItemProxy section */

/* Begin PBXFileReference section */
		5B9B42D824990CAB00119B10 /* FerretExample.app */ = {isa = PBXFileReference; explicitFileType = wrapper.application; includeInIndex = 0; path = FerretExample.app; sourceTree = BUILT_PRODUCTS_DIR; };
		5B9B42E724990CAF00119B10 /* Assets.xcassets */ = {isa = PBXFileReference; lastKnownFileType = folder.assetcatalog; path = Assets.xcassets; sourceTree = "<group>"; };
		5B9B42EA24990CAF00119B10 /* Base */ = {isa = PBXFileReference; lastKnownFileType = file.storyboard; name = Base; path = Base.lproj/LaunchScreen.storyboard; sourceTree = "<group>"; };
		5B9B42EC24990CAF00119B10 /* Info.plist */ = {isa = PBXFileReference; lastKnownFileType = text.plist.xml; path = Info.plist; sourceTree = "<group>"; };
		5B9B42F324990CB000119B10 /* FerretExampleTests.xctest */ = {isa = PBXFileReference; explicitFileType = wrapper.cfbundle; includeInIndex = 0; path = FerretExampleTests.xctest; sourceTree = BUILT_PRODUCTS_DIR; };
		5B9B42F724990CB000119B10 /* FerretExampleTests.m */ = {isa = PBXFileReference; lastKnownFileType = sourcecode.c.objc; path = FerretExampleTests.m; sourceTree = "<group>"; };
		5B9B42F924990CB000119B10 /* Info.plist */ = {isa = PBXFileReference; lastKnownFileType = text.plist.xml; path = Info.plist; sourceTree = "<group>"; };
		5B9B432C2499103600119B10 /* ferret */ = {isa = PBXFileReference; lastKnownFileType = folder; path = ferret; sourceTree = "<group>"; };
		5B9B432F249910CF00119B10 /* core.clj */ = {isa = PBXFileReference; lastKnownFileType = text; path = core.clj; sourceTree = "<group>"; };
		5B9B43312499237B00119B10 /* uikit.clj */ = {isa = PBXFileReference; lastKnownFileType = text; path = uikit.clj; sourceTree = "<group>"; };
		5B9B4333249937ED00119B10 /* objc.clj */ = {isa = PBXFileReference; lastKnownFileType = text; path = objc.clj; sourceTree = "<group>"; };
		5B9B4336249944C400119B10 /* UIKit.framework */ = {isa = PBXFileReference; lastKnownFileType = wrapper.framework; name = UIKit.framework; path = System/Library/Frameworks/UIKit.framework; sourceTree = SDKROOT; };
/* End PBXFileReference section */

/* Begin PBXFrameworksBuildPhase section */
		5B9B42D524990CAB00119B10 /* Frameworks */ = {
			isa = PBXFrameworksBuildPhase;
			buildActionMask = 2147483647;
			files = (
				5B9B4337249944C400119B10 /* UIKit.framework in Frameworks */,
			);
			runOnlyForDeploymentPostprocessing = 0;
		};
		5B9B42F024990CB000119B10 /* Frameworks */ = {
			isa = PBXFrameworksBuildPhase;
			buildActionMask = 2147483647;
			files = (
			);
			runOnlyForDeploymentPostprocessing = 0;
		};
/* End PBXFrameworksBuildPhase section */

/* Begin PBXGroup section */
		5B9B42CF24990CAB00119B10 = {
			isa = PBXGroup;
			children = (
				5B9B42DA24990CAB00119B10 /* FerretExample */,
				5B9B42F624990CB000119B10 /* FerretExampleTests */,
				5B9B432C2499103600119B10 /* ferret */,
				5B9B42D924990CAB00119B10 /* Products */,
				5B9B4335249944C300119B10 /* Frameworks */,
			);
			sourceTree = "<group>";
		};
		5B9B42D924990CAB00119B10 /* Products */ = {
			isa = PBXGroup;
			children = (
				5B9B42D824990CAB00119B10 /* FerretExample.app */,
				5B9B42F324990CB000119B10 /* FerretExampleTests.xctest */,
			);
			name = Products;
			sourceTree = "<group>";
		};
		5B9B42DA24990CAB00119B10 /* FerretExample */ = {
			isa = PBXGroup;
			children = (
				5B9B42E724990CAF00119B10 /* Assets.xcassets */,
				5B9B42E924990CAF00119B10 /* LaunchScreen.storyboard */,
				5B9B42EC24990CAF00119B10 /* Info.plist */,
				5B9B432F249910CF00119B10 /* core.clj */,
				5B9B4333249937ED00119B10 /* objc.clj */,
				5B9B43312499237B00119B10 /* uikit.clj */,
			);
			path = FerretExample;
			sourceTree = "<group>";
		};
		5B9B42F624990CB000119B10 /* FerretExampleTests */ = {
			isa = PBXGroup;
			children = (
				5B9B42F724990CB000119B10 /* FerretExampleTests.m */,
				5B9B42F924990CB000119B10 /* Info.plist */,
			);
			path = FerretExampleTests;
			sourceTree = "<group>";
		};
		5B9B4335249944C300119B10 /* Frameworks */ = {
			isa = PBXGroup;
			children = (
				5B9B4336249944C400119B10 /* UIKit.framework */,
			);
			name = Frameworks;
			sourceTree = "<group>";
		};
/* End PBXGroup section */

/* Begin PBXLegacyTarget section */
		5B9B432524990E4100119B10 /* ferret */ = {
			isa = PBXLegacyTarget;
			buildArgumentsString = "";
			buildConfigurationList = 5B9B432624990E4100119B10 /* Build configuration list for PBXLegacyTarget "ferret" */;
			buildPhases = (
			);
			buildToolPath = /usr/bin/make;
			buildWorkingDirectory = ferret;
			dependencies = (
			);
			name = ferret;
			passBuildSettingsInEnvironment = 1;
			productName = ferret;
		};
/* End PBXLegacyTarget section */

/* Begin PBXNativeTarget section */
		5B9B42D724990CAB00119B10 /* FerretExample */ = {
			isa = PBXNativeTarget;
			buildConfigurationList = 5B9B42FC24990CB000119B10 /* Build configuration list for PBXNativeTarget "FerretExample" */;
			buildPhases = (
				5B9B42D424990CAB00119B10 /* Sources */,
				5B9B42D524990CAB00119B10 /* Frameworks */,
				5B9B42D624990CAB00119B10 /* Resources */,
			);
			buildRules = (
				5B9B432E2499107D00119B10 /* PBXBuildRule */,
			);
			dependencies = (
				5B9B432B24990F3B00119B10 /* PBXTargetDependency */,
			);
			name = FerretExample;
			productName = FerretExample;
			productReference = 5B9B42D824990CAB00119B10 /* FerretExample.app */;
			productType = "com.apple.product-type.application";
		};
		5B9B42F224990CB000119B10 /* FerretExampleTests */ = {
			isa = PBXNativeTarget;
			buildConfigurationList = 5B9B42FF24990CB000119B10 /* Build configuration list for PBXNativeTarget "FerretExampleTests" */;
			buildPhases = (
				5B9B42EF24990CB000119B10 /* Sources */,
				5B9B42F024990CB000119B10 /* Frameworks */,
				5B9B42F124990CB000119B10 /* Resources */,
			);
			buildRules = (
			);
			dependencies = (
				5B9B42F524990CB000119B10 /* PBXTargetDependency */,
			);
			name = FerretExampleTests;
			productName = FerretExampleTests;
			productReference = 5B9B42F324990CB000119B10 /* FerretExampleTests.xctest */;
			productType = "com.apple.product-type.bundle.unit-test";
		};
/* End PBXNativeTarget section */

/* Begin PBXProject section */
		5B9B42D024990CAB00119B10 /* Project object */ = {
			isa = PBXProject;
			attributes = {
				LastUpgradeCheck = 1150;
				ORGANIZATIONNAME = "Ryosuke Ito";
				TargetAttributes = {
					5B9B42D724990CAB00119B10 = {
						CreatedOnToolsVersion = 11.5;
					};
					5B9B42F224990CB000119B10 = {
						CreatedOnToolsVersion = 11.5;
						TestTargetID = 5B9B42D724990CAB00119B10;
					};
					5B9B432524990E4100119B10 = {
						CreatedOnToolsVersion = 11.5;
					};
				};
			};
			buildConfigurationList = 5B9B42D324990CAB00119B10 /* Build configuration list for PBXProject "FerretExample" */;
			compatibilityVersion = "Xcode 9.3";
			developmentRegion = en;
			hasScannedForEncodings = 0;
			knownRegions = (
				en,
				Base,
			);
			mainGroup = 5B9B42CF24990CAB00119B10;
			productRefGroup = 5B9B42D924990CAB00119B10 /* Products */;
			projectDirPath = "";
			projectRoot = "";
			targets = (
				5B9B42D724990CAB00119B10 /* FerretExample */,
				5B9B42F224990CB000119B10 /* FerretExampleTests */,
				5B9B432524990E4100119B10 /* ferret */,
			);
		};
/* End PBXProject section */

/* Begin PBXResourcesBuildPhase section */
		5B9B42D624990CAB00119B10 /* Resources */ = {
			isa = PBXResourcesBuildPhase;
			buildActionMask = 2147483647;
			files = (
				5B9B42EB24990CAF00119B10 /* LaunchScreen.storyboard in Resources */,
				5B9B42E824990CAF00119B10 /* Assets.xcassets in Resources */,
			);
			runOnlyForDeploymentPostprocessing = 0;
		};
		5B9B42F124990CB000119B10 /* Resources */ = {
			isa = PBXResourcesBuildPhase;
			buildActionMask = 2147483647;
			files = (
			);
			runOnlyForDeploymentPostprocessing = 0;
		};
/* End PBXResourcesBuildPhase section */

/* Begin PBXSourcesBuildPhase section */
		5B9B42D424990CAB00119B10 /* Sources */ = {
			isa = PBXSourcesBuildPhase;
			buildActionMask = 2147483647;
			files = (
				5B9B4330249910CF00119B10 /* core.clj in Sources */,
			);
			runOnlyForDeploymentPostprocessing = 0;
		};
		5B9B42EF24990CB000119B10 /* Sources */ = {
			isa = PBXSourcesBuildPhase;
			buildActionMask = 2147483647;
			files = (
				5B9B42F824990CB000119B10 /* FerretExampleTests.m in Sources */,
			);
			runOnlyForDeploymentPostprocessing = 0;
		};
/* End PBXSourcesBuildPhase section */

/* Begin PBXTargetDependency section */
		5B9B42F524990CB000119B10 /* PBXTargetDependency */ = {
			isa = PBXTargetDependency;
			target = 5B9B42D724990CAB00119B10 /* FerretExample */;
			targetProxy = 5B9B42F424990CB000119B10 /* PBXContainerItemProxy */;
		};
		5B9B432B24990F3B00119B10 /* PBXTargetDependency */ = {
			isa = PBXTargetDependency;
			target = 5B9B432524990E4100119B10 /* ferret */;
			targetProxy = 5B9B432A24990F3B00119B10 /* PBXContainerItemProxy */;
		};
/* End PBXTargetDependency section */

/* Begin PBXVariantGroup section */
		5B9B42E924990CAF00119B10 /* LaunchScreen.storyboard */ = {
			isa = PBXVariantGroup;
			children = (
				5B9B42EA24990CAF00119B10 /* Base */,
			);
			name = LaunchScreen.storyboard;
			sourceTree = "<group>";
		};
/* End PBXVariantGroup section */

/* Begin XCBuildConfiguration section */
		5B9B42FA24990CB000119B10 /* Debug */ = {
			isa = XCBuildConfiguration;
			buildSettings = {
				ALWAYS_SEARCH_USER_PATHS = NO;
				CLANG_ANALYZER_NONNULL = YES;
				CLANG_ANALYZER_NUMBER_OBJECT_CONVERSION = YES_AGGRESSIVE;
				CLANG_CXX_LANGUAGE_STANDARD = "gnu++14";
				CLANG_CXX_LIBRARY = "libc++";
				CLANG_ENABLE_MODULES = YES;
				CLANG_ENABLE_OBJC_ARC = YES;
				CLANG_ENABLE_OBJC_WEAK = YES;
				CLANG_WARN_BLOCK_CAPTURE_AUTORELEASING = YES;
				CLANG_WARN_BOOL_CONVERSION = YES;
				CLANG_WARN_COMMA = YES;
				CLANG_WARN_CONSTANT_CONVERSION = YES;
				CLANG_WARN_DEPRECATED_OBJC_IMPLEMENTATIONS = YES;
				CLANG_WARN_DIRECT_OBJC_ISA_USAGE = YES_ERROR;
				CLANG_WARN_DOCUMENTATION_COMMENTS = YES;
				CLANG_WARN_EMPTY_BODY = YES;
				CLANG_WARN_ENUM_CONVERSION = YES;
				CLANG_WARN_INFINITE_RECURSION = YES;
				CLANG_WARN_INT_CONVERSION = YES;
				CLANG_WARN_NON_LITERAL_NULL_CONVERSION = YES;
				CLANG_WARN_OBJC_IMPLICIT_RETAIN_SELF = YES;
				CLANG_WARN_OBJC_LITERAL_CONVERSION = YES;
				CLANG_WARN_OBJC_ROOT_CLASS = YES_ERROR;
				CLANG_WARN_RANGE_LOOP_ANALYSIS = YES;
				CLANG_WARN_STRICT_PROTOTYPES = YES;
				CLANG_WARN_SUSPICIOUS_MOVE = YES;
				CLANG_WARN_UNGUARDED_AVAILABILITY = YES_AGGRESSIVE;
				CLANG_WARN_UNREACHABLE_CODE = YES;
				CLANG_WARN__DUPLICATE_METHOD_MATCH = YES;
				COPY_PHASE_STRIP = NO;
				DEBUG_INFORMATION_FORMAT = dwarf;
				ENABLE_STRICT_OBJC_MSGSEND = YES;
				ENABLE_TESTABILITY = YES;
				GCC_C_LANGUAGE_STANDARD = gnu11;
				GCC_DYNAMIC_NO_PIC = NO;
				GCC_NO_COMMON_BLOCKS = YES;
				GCC_OPTIMIZATION_LEVEL = 0;
				GCC_PREPROCESSOR_DEFINITIONS = (
					"DEBUG=1",
					"$(inherited)",
				);
				GCC_WARN_64_TO_32_BIT_CONVERSION = YES;
				GCC_WARN_ABOUT_RETURN_TYPE = YES_ERROR;
				GCC_WARN_UNDECLARED_SELECTOR = YES;
				GCC_WARN_UNINITIALIZED_AUTOS = YES_AGGRESSIVE;
				GCC_WARN_UNUSED_FUNCTION = YES;
				GCC_WARN_UNUSED_VARIABLE = YES;
				IPHONEOS_DEPLOYMENT_TARGET = 13.5;
				MTL_ENABLE_DEBUG_INFO = INCLUDE_SOURCE;
				MTL_FAST_MATH = YES;
				ONLY_ACTIVE_ARCH = YES;
				SDKROOT = iphoneos;
			};
			name = Debug;
		};
		5B9B42FB24990CB000119B10 /* Release */ = {
			isa = XCBuildConfiguration;
			buildSettings = {
				ALWAYS_SEARCH_USER_PATHS = NO;
				CLANG_ANALYZER_NONNULL = YES;
				CLANG_ANALYZER_NUMBER_OBJECT_CONVERSION = YES_AGGRESSIVE;
				CLANG_CXX_LANGUAGE_STANDARD = "gnu++14";
				CLANG_CXX_LIBRARY = "libc++";
				CLANG_ENABLE_MODULES = YES;
				CLANG_ENABLE_OBJC_ARC = YES;
				CLANG_ENABLE_OBJC_WEAK = YES;
				CLANG_WARN_BLOCK_CAPTURE_AUTORELEASING = YES;
				CLANG_WARN_BOOL_CONVERSION = YES;
				CLANG_WARN_COMMA = YES;
				CLANG_WARN_CONSTANT_CONVERSION = YES;
				CLANG_WARN_DEPRECATED_OBJC_IMPLEMENTATIONS = YES;
				CLANG_WARN_DIRECT_OBJC_ISA_USAGE = YES_ERROR;
				CLANG_WARN_DOCUMENTATION_COMMENTS = YES;
				CLANG_WARN_EMPTY_BODY = YES;
				CLANG_WARN_ENUM_CONVERSION = YES;
				CLANG_WARN_INFINITE_RECURSION = YES;
				CLANG_WARN_INT_CONVERSION = YES;
				CLANG_WARN_NON_LITERAL_NULL_CONVERSION = YES;
				CLANG_WARN_OBJC_IMPLICIT_RETAIN_SELF = YES;
				CLANG_WARN_OBJC_LITERAL_CONVERSION = YES;
				CLANG_WARN_OBJC_ROOT_CLASS = YES_ERROR;
				CLANG_WARN_RANGE_LOOP_ANALYSIS = YES;
				CLANG_WARN_STRICT_PROTOTYPES = YES;
				CLANG_WARN_SUSPICIOUS_MOVE = YES;
				CLANG_WARN_UNGUARDED_AVAILABILITY = YES_AGGRESSIVE;
				CLANG_WARN_UNREACHABLE_CODE = YES;
				CLANG_WARN__DUPLICATE_METHOD_MATCH = YES;
				COPY_PHASE_STRIP = NO;
				DEBUG_INFORMATION_FORMAT = "dwarf-with-dsym";
				ENABLE_NS_ASSERTIONS = NO;
				ENABLE_STRICT_OBJC_MSGSEND = YES;
				GCC_C_LANGUAGE_STANDARD = gnu11;
				GCC_NO_COMMON_BLOCKS = YES;
				GCC_WARN_64_TO_32_BIT_CONVERSION = YES;
				GCC_WARN_ABOUT_RETURN_TYPE = YES_ERROR;
				GCC_WARN_UNDECLARED_SELECTOR = YES;
				GCC_WARN_UNINITIALIZED_AUTOS = YES_AGGRESSIVE;
				GCC_WARN_UNUSED_FUNCTION = YES;
				GCC_WARN_UNUSED_VARIABLE = YES;
				IPHONEOS_DEPLOYMENT_TARGET = 13.5;
				MTL_ENABLE_DEBUG_INFO = NO;
				MTL_FAST_MATH = YES;
				SDKROOT = iphoneos;
				VALIDATE_PRODUCT = YES;
			};
			name = Release;
		};
		5B9B42FD24990CB000119B10 /* Debug */ = {
			isa = XCBuildConfiguration;
			buildSettings = {
				ASSETCATALOG_COMPILER_APPICON_NAME = AppIcon;
				CODE_SIGN_STYLE = Automatic;
				GCC_PREPROCESSOR_DEFINITIONS = (
					FERRET_DISABLE_RC,
					"$(inherited)",
				);
				INFOPLIST_FILE = FerretExample/Info.plist;
				LD_RUNPATH_SEARCH_PATHS = (
					"$(inherited)",
					"@executable_path/Frameworks",
				);
				PRODUCT_BUNDLE_IDENTIFIER = com.github.manicmaniac.FerretExample;
				PRODUCT_NAME = "$(TARGET_NAME)";
				TARGETED_DEVICE_FAMILY = "1,2";
			};
			name = Debug;
		};
		5B9B42FE24990CB000119B10 /* Release */ = {
			isa = XCBuildConfiguration;
			buildSettings = {
				ASSETCATALOG_COMPILER_APPICON_NAME = AppIcon;
				CODE_SIGN_STYLE = Automatic;
				GCC_PREPROCESSOR_DEFINITIONS = (
					FERRET_DISABLE_RC,
					"$(inherited)",
				);
				INFOPLIST_FILE = FerretExample/Info.plist;
				LD_RUNPATH_SEARCH_PATHS = (
					"$(inherited)",
					"@executable_path/Frameworks",
				);
				PRODUCT_BUNDLE_IDENTIFIER = com.github.manicmaniac.FerretExample;
				PRODUCT_NAME = "$(TARGET_NAME)";
				TARGETED_DEVICE_FAMILY = "1,2";
			};
			name = Release;
		};
		5B9B430024990CB000119B10 /* Debug */ = {
			isa = XCBuildConfiguration;
			buildSettings = {
				BUNDLE_LOADER = "$(TEST_HOST)";
				CODE_SIGN_STYLE = Automatic;
				INFOPLIST_FILE = FerretExampleTests/Info.plist;
				IPHONEOS_DEPLOYMENT_TARGET = 13.5;
				LD_RUNPATH_SEARCH_PATHS = (
					"$(inherited)",
					"@executable_path/Frameworks",
					"@loader_path/Frameworks",
				);
				PRODUCT_BUNDLE_IDENTIFIER = com.github.manicmaniac.FerretExampleTests;
				PRODUCT_NAME = "$(TARGET_NAME)";
				TARGETED_DEVICE_FAMILY = "1,2";
				TEST_HOST = "$(BUILT_PRODUCTS_DIR)/FerretExample.app/FerretExample";
			};
			name = Debug;
		};
		5B9B430124990CB000119B10 /* Release */ = {
			isa = XCBuildConfiguration;
			buildSettings = {
				BUNDLE_LOADER = "$(TEST_HOST)";
				CODE_SIGN_STYLE = Automatic;
				INFOPLIST_FILE = FerretExampleTests/Info.plist;
				IPHONEOS_DEPLOYMENT_TARGET = 13.5;
				LD_RUNPATH_SEARCH_PATHS = (
					"$(inherited)",
					"@executable_path/Frameworks",
					"@loader_path/Frameworks",
				);
				PRODUCT_BUNDLE_IDENTIFIER = com.github.manicmaniac.FerretExampleTests;
				PRODUCT_NAME = "$(TARGET_NAME)";
				TARGETED_DEVICE_FAMILY = "1,2";
				TEST_HOST = "$(BUILT_PRODUCTS_DIR)/FerretExample.app/FerretExample";
			};
			name = Release;
		};
		5B9B432724990E4100119B10 /* Debug */ = {
			isa = XCBuildConfiguration;
			buildSettings = {
				CODE_SIGN_STYLE = Automatic;
				DEBUGGING_SYMBOLS = YES;
				DEBUG_INFORMATION_FORMAT = dwarf;
				GCC_GENERATE_DEBUGGING_SYMBOLS = YES;
				GCC_OPTIMIZATION_LEVEL = 0;
				OTHER_CFLAGS = "";
				OTHER_LDFLAGS = "";
				PRODUCT_NAME = "$(TARGET_NAME)";
			};
			name = Debug;
		};
		5B9B432824990E4100119B10 /* Release */ = {
			isa = XCBuildConfiguration;
			buildSettings = {
				CODE_SIGN_STYLE = Automatic;
				DEBUG_INFORMATION_FORMAT = "dwarf-with-dsym";
				OTHER_CFLAGS = "";
				OTHER_LDFLAGS = "";
				PRODUCT_NAME = "$(TARGET_NAME)";
			};
			name = Release;
		};
/* End XCBuildConfiguration section */

/* Begin XCConfigurationList section */
		5B9B42D324990CAB00119B10 /* Build configuration list for PBXProject "FerretExample" */ = {
			isa = XCConfigurationList;
			buildConfigurations = (
				5B9B42FA24990CB000119B10 /* Debug */,
				5B9B42FB24990CB000119B10 /* Release */,
			);
			defaultConfigurationIsVisible = 0;
			defaultConfigurationName = Release;
		};
		5B9B42FC24990CB000119B10 /* Build configuration list for PBXNativeTarget "FerretExample" */ = {
			isa = XCConfigurationList;
			buildConfigurations = (
				5B9B42FD24990CB000119B10 /* Debug */,
				5B9B42FE24990CB000119B10 /* Release */,
			);
			defaultConfigurationIsVisible = 0;
			defaultConfigurationName = Release;
		};
		5B9B42FF24990CB000119B10 /* Build configuration list for PBXNativeTarget "FerretExampleTests" */ = {
			isa = XCConfigurationList;
			buildConfigurations = (
				5B9B430024990CB000119B10 /* Debug */,
				5B9B430124990CB000119B10 /* Release */,
			);
			defaultConfigurationIsVisible = 0;
			defaultConfigurationName = Release;
		};
		5B9B432624990E4100119B10 /* Build configuration list for PBXLegacyTarget "ferret" */ = {
			isa = XCConfigurationList;
			buildConfigurations = (
				5B9B432724990E4100119B10 /* Debug */,
				5B9B432824990E4100119B10 /* Release */,
			);
			defaultConfigurationIsVisible = 0;
			defaultConfigurationName = Release;
		};
/* End XCConfigurationList section */
	};
	rootObject = 5B9B42D024990CAB00119B10 /* Project object */;
}
